// !$*UTF8*$!
{
	archiveVersion = 1;
	classes = {
	};
	objectVersion = 50;
	objects = {

/* Begin PBXBuildFile section */
		28EBFCD7262F1E71002C2701 /* AppDelegate.swift in Sources */ = {isa = PBXBuildFile; fileRef = 28EBFCD6262F1E71002C2701 /* AppDelegate.swift */; };
		28EBFCD9262F1E71002C2701 /* SceneDelegate.swift in Sources */ = {isa = PBXBuildFile; fileRef = 28EBFCD8262F1E71002C2701 /* SceneDelegate.swift */; };
		28EBFCDB262F1E71002C2701 /* ViewController.swift in Sources */ = {isa = PBXBuildFile; fileRef = 28EBFCDA262F1E71002C2701 /* ViewController.swift */; };
		28EBFCDE262F1E71002C2701 /* Main.storyboard in Resources */ = {isa = PBXBuildFile; fileRef = 28EBFCDC262F1E71002C2701 /* Main.storyboard */; };
		28EBFCE1262F1E71002C2701 /* AlexMorneau_Bored.xcdatamodeld in Sources */ = {isa = PBXBuildFile; fileRef = 28EBFCDF262F1E71002C2701 /* AlexMorneau_Bored.xcdatamodeld */; };
		28EBFCE3262F1E72002C2701 /* Assets.xcassets in Resources */ = {isa = PBXBuildFile; fileRef = 28EBFCE2262F1E72002C2701 /* Assets.xcassets */; };
		28EBFCE6262F1E72002C2701 /* LaunchScreen.storyboard in Resources */ = {isa = PBXBuildFile; fileRef = 28EBFCE4262F1E72002C2701 /* LaunchScreen.storyboard */; };
/* End PBXBuildFile section */

/* Begin PBXFileReference section */
		28EBFCD3262F1E71002C2701 /* AlexMorneau_Bored.app */ = {isa = PBXFileReference; explicitFileType = wrapper.application; includeInIndex = 0; path = AlexMorneau_Bored.app; sourceTree = BUILT_PRODUCTS_DIR; };
		28EBFCD6262F1E71002C2701 /* AppDelegate.swift */ = {isa = PBXFileReference; lastKnownFileType = sourcecode.swift; path = AppDelegate.swift; sourceTree = "<group>"; };
		28EBFCD8262F1E71002C2701 /* SceneDelegate.swift */ = {isa = PBXFileReference; lastKnownFileType = sourcecode.swift; path = SceneDelegate.swift; sourceTree = "<group>"; };
		28EBFCDA262F1E71002C2701 /* ViewController.swift */ = {isa = PBXFileReference; lastKnownFileType = sourcecode.swift; path = ViewController.swift; sourceTree = "<group>"; };
		28EBFCDD262F1E71002C2701 /* Base */ = {isa = PBXFileReference; lastKnownFileType = file.storyboard; name = Base; path = Base.lproj/Main.storyboard; sourceTree = "<group>"; };
		28EBFCE0262F1E71002C2701 /* AlexMorneau_Bored.xcdatamodel */ = {isa = PBXFileReference; lastKnownFileType = wrapper.xcdatamodel; path = AlexMorneau_Bored.xcdatamodel; sourceTree = "<group>"; };
		28EBFCE2262F1E72002C2701 /* Assets.xcassets */ = {isa = PBXFileReference; lastKnownFileType = folder.assetcatalog; path = Assets.xcassets; sourceTree = "<group>"; };
		28EBFCE5262F1E72002C2701 /* Base */ = {isa = PBXFileReference; lastKnownFileType = file.storyboard; name = Base; path = Base.lproj/LaunchScreen.storyboard; sourceTree = "<group>"; };
		28EBFCE7262F1E72002C2701 /* Info.plist */ = {isa = PBXFileReference; lastKnownFileType = text.plist.xml; path = Info.plist; sourceTree = "<group>"; };
/* End PBXFileReference section */

/* Begin PBXFrameworksBuildPhase section */
		28EBFCD0262F1E71002C2701 /* Frameworks */ = {
			isa = PBXFrameworksBuildPhase;
			buildActionMask = 2147483647;
			files = (
			);
			runOnlyForDeploymentPostprocessing = 0;
		};
/* End PBXFrameworksBuildPhase section */

/* Begin PBXGroup section */
		28EBFCCA262F1E71002C2701 = {
			isa = PBXGroup;
			children = (
				28EBFCD5262F1E71002C2701 /* AlexMorneau_Bored */,
				28EBFCD4262F1E71002C2701 /* Products */,
			);
			sourceTree = "<group>";
		};
		28EBFCD4262F1E71002C2701 /* Products */ = {
			isa = PBXGroup;
			children = (
				28EBFCD3262F1E71002C2701 /* AlexMorneau_Bored.app */,
			);
			name = Products;
			sourceTree = "<group>";
		};
		28EBFCD5262F1E71002C2701 /* AlexMorneau_Bored */ = {
			isa = PBXGroup;
			children = (
				28EBFCD6262F1E71002C2701 /* AppDelegate.swift */,
				28EBFCD8262F1E71002C2701 /* SceneDelegate.swift */,
				28EBFCDA262F1E71002C2701 /* ViewController.swift */,
				28EBFCDC262F1E71002C2701 /* Main.storyboard */,
				28EBFCE2262F1E72002C2701 /* Assets.xcassets */,
				28EBFCE4262F1E72002C2701 /* LaunchScreen.storyboard */,
				28EBFCE7262F1E72002C2701 /* Info.plist */,
				28EBFCDF262F1E71002C2701 /* AlexMorneau_Bored.xcdatamodeld */,
			);
			path = AlexMorneau_Bored;
			sourceTree = "<group>";
		};
/* End PBXGroup section */

/* Begin PBXNativeTarget section */
		28EBFCD2262F1E71002C2701 /* AlexMorneau_Bored */ = {
			isa = PBXNativeTarget;
			buildConfigurationList = 28EBFCEA262F1E72002C2701 /* Build configuration list for PBXNativeTarget "AlexMorneau_Bored" */;
			buildPhases = (
				28EBFCCF262F1E71002C2701 /* Sources */,
				28EBFCD0262F1E71002C2701 /* Frameworks */,
				28EBFCD1262F1E71002C2701 /* Resources */,
			);
			buildRules = (
			);
			dependencies = (
			);
			name = AlexMorneau_Bored;
			productName = AlexMorneau_Bored;
			productReference = 28EBFCD3262F1E71002C2701 /* AlexMorneau_Bored.app */;
			productType = "com.apple.product-type.application";
		};
/* End PBXNativeTarget section */

/* Begin PBXProject section */
		28EBFCCB262F1E71002C2701 /* Project object */ = {
			isa = PBXProject;
			attributes = {
				LastSwiftUpdateCheck = 1240;
				LastUpgradeCheck = 1240;
				TargetAttributes = {
					28EBFCD2262F1E71002C2701 = {
						CreatedOnToolsVersion = 12.4;
					};
				};
			};
			buildConfigurationList = 28EBFCCE262F1E71002C2701 /* Build configuration list for PBXProject "AlexMorneau_Bored" */;
			compatibilityVersion = "Xcode 9.3";
			developmentRegion = en;
			hasScannedForEncodings = 0;
			knownRegions = (
				en,
				Base,
			);
			mainGroup = 28EBFCCA262F1E71002C2701;
			productRefGroup = 28EBFCD4262F1E71002C2701 /* Products */;
			projectDirPath = "";
			projectRoot = "";
			targets = (
				28EBFCD2262F1E71002C2701 /* AlexMorneau_Bored */,
			);
		};
/* End PBXProject section */

/* Begin PBXResourcesBuildPhase section */
		28EBFCD1262F1E71002C2701 /* Resources */ = {
			isa = PBXResourcesBuildPhase;
			buildActionMask = 2147483647;
			files = (
				28EBFCE6262F1E72002C2701 /* LaunchScreen.storyboard in Resources */,
				28EBFCE3262F1E72002C2701 /* Assets.xcassets in Resources */,
				28EBFCDE262F1E71002C2701 /* Main.storyboard in Resources */,
			);
			runOnlyForDeploymentPostprocessing = 0;
		};
/* End PBXResourcesBuildPhase section */

/* Begin PBXSourcesBuildPhase section */
		28EBFCCF262F1E71002C2701 /* Sources */ = {
			isa = PBXSourcesBuildPhase;
			buildActionMask = 2147483647;
			files = (
				28EBFCDB262F1E71002C2701 /* ViewController.swift in Sources */,
				28EBFCD7262F1E71002C2701 /* AppDelegate.swift in Sources */,
				28EBFCE1262F1E71002C2701 /* AlexMorneau_Bored.xcdatamodeld in Sources */,
				28EBFCD9262F1E71002C2701 /* SceneDelegate.swift in Sources */,
			);
			runOnlyForDeploymentPostprocessing = 0;
		};
/* End PBXSourcesBuildPhase section */

/* Begin PBXVariantGroup section */
		28EBFCDC262F1E71002C2701 /* Main.storyboard */ = {
			isa = PBXVariantGroup;
			children = (
				28EBFCDD262F1E71002C2701 /* Base */,
			);
			name = Main.storyboard;
			sourceTree = "<group>";
		};
		28EBFCE4262F1E72002C2701 /* LaunchScreen.storyboard */ = {
			isa = PBXVariantGroup;
			children = (
				28EBFCE5262F1E72002C2701 /* Base */,
			);
			name = LaunchScreen.storyboard;
			sourceTree = "<group>";
		};
/* End PBXVariantGroup section */

/* Begin XCBuildConfiguration section */
		28EBFCE8262F1E72002C2701 /* Debug */ = {
			isa = XCBuildConfiguration;
			buildSettings = {
				ALWAYS_SEARCH_USER_PATHS = NO;
				CLANG_ANALYZER_NONNULL = YES;
				CLANG_ANALYZER_NUMBER_OBJECT_CONVERSION = YES_AGGRESSIVE;
				CLANG_CXX_LANGUAGE_STANDARD = "gnu++14";
				CLANG_CXX_LIBRARY = "libc++";
				CLANG_ENABLE_MODULES = YES;
				CLANG_ENABLE_OBJC_ARC = YES;
				CLANG_ENABLE_OBJC_WEAK = YES;
				CLANG_WARN_BLOCK_CAPTURE_AUTORELEASING = YES;
				CLANG_WARN_BOOL_CONVERSION = YES;
				CLANG_WARN_COMMA = YES;
				CLANG_WARN_CONSTANT_CONVERSION = YES;
				CLANG_WARN_DEPRECATED_OBJC_IMPLEMENTATIONS = YES;
				CLANG_WARN_DIRECT_OBJC_ISA_USAGE = YES_ERROR;
				CLANG_WARN_DOCUMENTATION_COMMENTS = YES;
				CLANG_WARN_EMPTY_BODY = YES;
				CLANG_WARN_ENUM_CONVERSION = YES;
				CLANG_WARN_INFINITE_RECURSION = YES;
				CLANG_WARN_INT_CONVERSION = YES;
				CLANG_WARN_NON_LITERAL_NULL_CONVERSION = YES;
				CLANG_WARN_OBJC_IMPLICIT_RETAIN_SELF = YES;
				CLANG_WARN_OBJC_LITERAL_CONVERSION = YES;
				CLANG_WARN_OBJC_ROOT_CLASS = YES_ERROR;
				CLANG_WARN_QUOTED_INCLUDE_IN_FRAMEWORK_HEADER = YES;
				CLANG_WARN_RANGE_LOOP_ANALYSIS = YES;
				CLANG_WARN_STRICT_PROTOTYPES = YES;
				CLANG_WARN_SUSPICIOUS_MOVE = YES;
				CLANG_WARN_UNGUARDED_AVAILABILITY = YES_AGGRESSIVE;
				CLANG_WARN_UNREACHABLE_CODE = YES;
				CLANG_WARN__DUPLICATE_METHOD_MATCH = YES;
				COPY_PHASE_STRIP = NO;
				DEBUG_INFORMATION_FORMAT = dwarf;
				ENABLE_STRICT_OBJC_MSGSEND = YES;
				ENABLE_TESTABILITY = YES;
				GCC_C_LANGUAGE_STANDARD = gnu11;
				GCC_DYNAMIC_NO_PIC = NO;
				GCC_NO_COMMON_BLOCKS = YES;
				GCC_OPTIMIZATION_LEVEL = 0;
				GCC_PREPROCESSOR_DEFINITIONS = (
					"DEBUG=1",
					"$(inherited)",
				);
				GCC_WARN_64_TO_32_BIT_CONVERSION = YES;
				GCC_WARN_ABOUT_RETURN_TYPE = YES_ERROR;
				GCC_WARN_UNDECLARED_SELECTOR = YES;
				GCC_WARN_UNINITIALIZED_AUTOS = YES_AGGRESSIVE;
				GCC_WARN_UNUSED_FUNCTION = YES;
				GCC_WARN_UNUSED_VARIABLE = YES;
				IPHONEOS_DEPLOYMENT_TARGET = 14.4;
				MTL_ENABLE_DEBUG_INFO = INCLUDE_SOURCE;
				MTL_FAST_MATH = YES;
				ONLY_ACTIVE_ARCH = YES;
				SDKROOT = iphoneos;
				SWIFT_ACTIVE_COMPILATION_CONDITIONS = DEBUG;
				SWIFT_OPTIMIZATION_LEVEL = "-Onone";
			};
			name = Debug;
		};
		28EBFCE9262F1E72002C2701 /* Release */ = {
			isa = XCBuildConfiguration;
			buildSettings = {
				ALWAYS_SEARCH_USER_PATHS = NO;
				CLANG_ANALYZER_NONNULL = YES;
				CLANG_ANALYZER_NUMBER_OBJECT_CONVERSION = YES_AGGRESSIVE;
				CLANG_CXX_LANGUAGE_STANDARD = "gnu++14";
				CLANG_CXX_LIBRARY = "libc++";
				CLANG_ENABLE_MODULES = YES;
				CLANG_ENABLE_OBJC_ARC = YES;
				CLANG_ENABLE_OBJC_WEAK = YES;
				CLANG_WARN_BLOCK_CAPTURE_AUTORELEASING = YES;
				CLANG_WARN_BOOL_CONVERSION = YES;
				CLANG_WARN_COMMA = YES;
				CLANG_WARN_CONSTANT_CONVERSION = YES;
				CLANG_WARN_DEPRECATED_OBJC_IMPLEMENTATIONS = YES;
				CLANG_WARN_DIRECT_OBJC_ISA_USAGE = YES_ERROR;
				CLANG_WARN_DOCUMENTATION_COMMENTS = YES;
				CLANG_WARN_EMPTY_BODY = YES;
				CLANG_WARN_ENUM_CONVERSION = YES;
				CLANG_WARN_INFINITE_RECURSION = YES;
				CLANG_WARN_INT_CONVERSION = YES;
				CLANG_WARN_NON_LITERAL_NULL_CONVERSION = YES;
				CLANG_WARN_OBJC_IMPLICIT_RETAIN_SELF = YES;
				CLANG_WARN_OBJC_LITERAL_CONVERSION = YES;
				CLANG_WARN_OBJC_ROOT_CLASS = YES_ERROR;
				CLANG_WARN_QUOTED_INCLUDE_IN_FRAMEWORK_HEADER = YES;
				CLANG_WARN_RANGE_LOOP_ANALYSIS = YES;
				CLANG_WARN_STRICT_PROTOTYPES = YES;
				CLANG_WARN_SUSPICIOUS_MOVE = YES;
				CLANG_WARN_UNGUARDED_AVAILABILITY = YES_AGGRESSIVE;
				CLANG_WARN_UNREACHABLE_CODE = YES;
				CLANG_WARN__DUPLICATE_METHOD_MATCH = YES;
				COPY_PHASE_STRIP = NO;
				DEBUG_INFORMATION_FORMAT = "dwarf-with-dsym";
				ENABLE_NS_ASSERTIONS = NO;
				ENABLE_STRICT_OBJC_MSGSEND = YES;
				GCC_C_LANGUAGE_STANDARD = gnu11;
				GCC_NO_COMMON_BLOCKS = YES;
				GCC_WARN_64_TO_32_BIT_CONVERSION = YES;
				GCC_WARN_ABOUT_RETURN_TYPE = YES_ERROR;
				GCC_WARN_UNDECLARED_SELECTOR = YES;
				GCC_WARN_UNINITIALIZED_AUTOS = YES_AGGRESSIVE;
				GCC_WARN_UNUSED_FUNCTION = YES;
				GCC_WARN_UNUSED_VARIABLE = YES;
				IPHONEOS_DEPLOYMENT_TARGET = 14.4;
				MTL_ENABLE_DEBUG_INFO = NO;
				MTL_FAST_MATH = YES;
				SDKROOT = iphoneos;
				SWIFT_COMPILATION_MODE = wholemodule;
				SWIFT_OPTIMIZATION_LEVEL = "-O";
				VALIDATE_PRODUCT = YES;
			};
			name = Release;
		};
		28EBFCEB262F1E72002C2701 /* Debug */ = {
			isa = XCBuildConfiguration;
			buildSettings = {
				ASSETCATALOG_COMPILER_APPICON_NAME = AppIcon;
				ASSETCATALOG_COMPILER_GLOBAL_ACCENT_COLOR_NAME = AccentColor;
				CODE_SIGN_STYLE = Automatic;
				DEVELOPMENT_TEAM = J345G3Z2U2;
				INFOPLIST_FILE = AlexMorneau_Bored/Info.plist;
				LD_RUNPATH_SEARCH_PATHS = (
					"$(inherited)",
					"@executable_path/Frameworks",
				);
				PRODUCT_BUNDLE_IDENTIFIER = "am.AlexMorneau-Bored";
				PRODUCT_NAME = "$(TARGET_NAME)";
				SWIFT_VERSION = 5.0;
				TARGETED_DEVICE_FAMILY = "1,2";
			};
			name = Debug;
		};
		28EBFCEC262F1E72002C2701 /* Release */ = {
			isa = XCBuildConfiguration;
			buildSettings = {
				ASSETCATALOG_COMPILER_APPICON_NAME = AppIcon;
				ASSETCATALOG_COMPILER_GLOBAL_ACCENT_COLOR_NAME = AccentColor;
				CODE_SIGN_STYLE = Automatic;
				DEVELOPMENT_TEAM = J345G3Z2U2;
				INFOPLIST_FILE = AlexMorneau_Bored/Info.plist;
				LD_RUNPATH_SEARCH_PATHS = (
					"$(inherited)",
					"@executable_path/Frameworks",
				);
				PRODUCT_BUNDLE_IDENTIFIER = "am.AlexMorneau-Bored";
				PRODUCT_NAME = "$(TARGET_NAME)";
				SWIFT_VERSION = 5.0;
				TARGETED_DEVICE_FAMILY = "1,2";
			};
			name = Release;
		};
/* End XCBuildConfiguration section */

/* Begin XCConfigurationList section */
		28EBFCCE262F1E71002C2701 /* Build configuration list for PBXProject "AlexMorneau_Bored" */ = {
			isa = XCConfigurationList;
			buildConfigurations = (
				28EBFCE8262F1E72002C2701 /* Debug */,
				28EBFCE9262F1E72002C2701 /* Release */,
			);
			defaultConfigurationIsVisible = 0;
			defaultConfigurationName = Release;
		};
		28EBFCEA262F1E72002C2701 /* Build configuration list for PBXNativeTarget "AlexMorneau_Bored" */ = {
			isa = XCConfigurationList;
			buildConfigurations = (
				28EBFCEB262F1E72002C2701 /* Debug */,
				28EBFCEC262F1E72002C2701 /* Release */,
			);
			defaultConfigurationIsVisible = 0;
			defaultConfigurationName = Release;
		};
/* End XCConfigurationList section */

/* Begin XCVersionGroup section */
		28EBFCDF262F1E71002C2701 /* AlexMorneau_Bored.xcdatamodeld */ = {
			isa = XCVersionGroup;
			children = (
				28EBFCE0262F1E71002C2701 /* AlexMorneau_Bored.xcdatamodel */,
			);
			currentVersion = 28EBFCE0262F1E71002C2701 /* AlexMorneau_Bored.xcdatamodel */;
			path = AlexMorneau_Bored.xcdatamodeld;
			sourceTree = "<group>";
			versionGroupType = wrapper.xcdatamodel;
		};
/* End XCVersionGroup section */
	};
	rootObject = 28EBFCCB262F1E71002C2701 /* Project object */;
}
